
Microsoft Visual Studio Solution File, Format Version 12.00
# Visual Studio Version 17
VisualStudioVersion = 17.8.34004.107
MinimumVisualStudioVersion = 10.0.40219.1
Project("{FAE04EC0-301F-11D3-BF4B-00C04F79EFBC}") = "NESTracer", "NESTracer\NESTracer.csproj", "{1F583588-0202-4626-A5A1-A46CF9BFB872}"
EndProject
Global
	GlobalSection(SolutionConfigurationPlatforms) = preSolution
		Debug|Any CPU = Debug|Any CPU
		Release|Any CPU = Release|Any CPU
	EndGlobalSection
	GlobalSection(ProjectConfigurationPlatforms) = postSolution
		{1F583588-0202-4626-A5A1-A46CF9BFB872}.Debug|Any CPU.ActiveCfg = Debug|Any CPU
		{1F583588-0202-4626-A5A1-A46CF9BFB872}.Debug|Any CPU.Build.0 = Debug|Any CPU
		{1F583588-0202-4626-A5A1-A46CF9BFB872}.Release|Any CPU.ActiveCfg = Release|Any CPU
		{1F583588-0202-4626-A5A1-A46CF9BFB872}.Release|Any CPU.Build.0 = Release|Any CPU
	EndGlobalSection
	GlobalSection(SolutionProperties) = preSolution
		HideSolutionNode = FALSE
	EndGlobalSection
	GlobalSection(ExtensibilityGlobals) = postSolution
		SolutionGuid = {CB398162-D4E4-42F4-A240-CD1661B206A3}
	EndGlobalSection
EndGlobal
